
Microsoft Visual Studio Solution File, Format Version 12.00
# Visual Studio Version 17
VisualStudioVersion = 17.5.33516.290
MinimumVisualStudioVersion = 10.0.40219.1
Project("{FAE04EC0-301F-11D3-BF4B-00C04F79EFBC}") = "IPOApplication", "IPOApplication\IPOApplication.csproj", "{A948A33A-DDC2-496E-8902-FDD8B2352186}"
EndProject
Global
	GlobalSection(SolutionConfigurationPlatforms) = preSolution
		Debug|Any CPU = Debug|Any CPU
		Release|Any CPU = Release|Any CPU
	EndGlobalSection
	GlobalSection(ProjectConfigurationPlatforms) = postSolution
		{A948A33A-DDC2-496E-8902-FDD8B2352186}.Debug|Any CPU.ActiveCfg = Debug|Any CPU
		{A948A33A-DDC2-496E-8902-FDD8B2352186}.Debug|Any CPU.Build.0 = Debug|Any CPU
		{A948A33A-DDC2-496E-8902-FDD8B2352186}.Release|Any CPU.ActiveCfg = Release|Any CPU
		{A948A33A-DDC2-496E-8902-FDD8B2352186}.Release|Any CPU.Build.0 = Release|Any CPU
	EndGlobalSection
	GlobalSection(SolutionProperties) = preSolution
		HideSolutionNode = FALSE
	EndGlobalSection
	GlobalSection(ExtensibilityGlobals) = postSolution
		SolutionGuid = {846643CF-63AC-4390-AECA-343935243A4F}
	EndGlobalSection
EndGlobal
